
Microsoft Visual Studio Solution File, Format Version 12.00
# Visual Studio 2013
VisualStudioVersion = 12.0.21005.1
MinimumVisualStudioVersion = 10.0.40219.1
Project("{FAE04EC0-301F-11D3-BF4B-00C04F79EFBC}") = "DScanner Software", "DScanner Software\DScanner Software.csproj", "{D2B3635B-2C6F-47D9-836A-8F6C6C3E11ED}"
EndProject
Project("{FAE04EC0-301F-11D3-BF4B-00C04F79EFBC}") = "DScanner Library", "DScanner Library\DScanner Library.csproj", "{3832A04A-9FF3-402E-8F35-095D17A232A2}"
EndProject
Global
	GlobalSection(SolutionConfigurationPlatforms) = preSolution
		Debug|Any CPU = Debug|Any CPU
		Release|Any CPU = Release|Any CPU
	EndGlobalSection
	GlobalSection(ProjectConfigurationPlatforms) = postSolution
		{D2B3635B-2C6F-47D9-836A-8F6C6C3E11ED}.Debug|Any CPU.ActiveCfg = Debug|Any CPU
		{D2B3635B-2C6F-47D9-836A-8F6C6C3E11ED}.Debug|Any CPU.Build.0 = Debug|Any CPU
		{D2B3635B-2C6F-47D9-836A-8F6C6C3E11ED}.Release|Any CPU.ActiveCfg = Release|Any CPU
		{D2B3635B-2C6F-47D9-836A-8F6C6C3E11ED}.Release|Any CPU.Build.0 = Release|Any CPU
		{3832A04A-9FF3-402E-8F35-095D17A232A2}.Debug|Any CPU.ActiveCfg = Debug|Any CPU
		{3832A04A-9FF3-402E-8F35-095D17A232A2}.Debug|Any CPU.Build.0 = Debug|Any CPU
		{3832A04A-9FF3-402E-8F35-095D17A232A2}.Release|Any CPU.ActiveCfg = Release|Any CPU
		{3832A04A-9FF3-402E-8F35-095D17A232A2}.Release|Any CPU.Build.0 = Release|Any CPU
	EndGlobalSection
	GlobalSection(SolutionProperties) = preSolution
		HideSolutionNode = FALSE
	EndGlobalSection
EndGlobal
